{
  "name": "qr-code-reader-generator-web",
  "lockfileVersion": 2,
  "requires": true,
  "packages": {
    "": {
      "dependencies": {
        "html5-qrcode": "^2.2.1",
        "qrcodejs": "^1.0.0"
      }
    },
    "node_modules/html5-qrcode": {
      "version": "2.2.1",
      "resolved": "https://registry.npmjs.org/html5-qrcode/-/html5-qrcode-2.2.1.tgz",
      "integrity": "sha512-itYnSlSxC3gNRe825mUkKaMzlmevLc4hpH2XLlhCdiEYIE3aMdQUr1XjQ9/zk7NuRMcYRerlbCaMKM+Z66KpSg=="
    },
    "node_modules/qrcodejs": {
      "version": "1.0.0",
      "resolved": "https://registry.npmjs.org/qrcodejs/-/qrcodejs-1.0.0.tgz",
      "integrity": "sha1-r6tenoWFIfhZrjNtLtD5/S52zKc="
    }
  },
  "dependencies": {
    "html5-qrcode": {
      "version": "2.2.1",
      "resolved": "https://registry.npmjs.org/html5-qrcode/-/html5-qrcode-2.2.1.tgz",
      "integrity": "sha512-itYnSlSxC3gNRe825mUkKaMzlmevLc4hpH2XLlhCdiEYIE3aMdQUr1XjQ9/zk7NuRMcYRerlbCaMKM+Z66KpSg=="
    },
    "qrcodejs": {
      "version": "1.0.0",
      "resolved": "https://registry.npmjs.org/qrcodejs/-/qrcodejs-1.0.0.tgz",
      "integrity": "sha1-r6tenoWFIfhZrjNtLtD5/S52zKc="
    }
  }
}
