{
  "name": "qr-code-reader-generator-web",
  "lockfileVersion": 2,
  "requires": true,
  "packages": {
    "": {
      "dependencies": {
        "qrcodejs": "^1.0.0"
      }
    },
    "node_modules/qrcodejs": {
      "version": "1.0.0",
      "resolved": "https://registry.npmjs.org/qrcodejs/-/qrcodejs-1.0.0.tgz",
      "integrity": "sha1-r6tenoWFIfhZrjNtLtD5/S52zKc="
    }
  },
  "dependencies": {
    "qrcodejs": {
      "version": "1.0.0",
      "resolved": "https://registry.npmjs.org/qrcodejs/-/qrcodejs-1.0.0.tgz",
      "integrity": "sha1-r6tenoWFIfhZrjNtLtD5/S52zKc="
    }
  }
}
